{
  "name": "uniswap-v2-dump",
  "version": "2.0.52",
  "lockfileVersion": 3,
  "requires": true,
  "packages": {
    "": {
      "name": "uniswap-v2-dump",
      "version": "2.0.52",
      "license": "MIT",
      "dependencies": {
        "uniswap-v2-loader": "^6.0.0"
      }
    },
    "node_modules/uniswap-v2-loader": {
      "version": "6.0.0",
      "resolved": "https://registry.npmjs.org/uniswap-v2-loader/-/uniswap-v2-loader-6.0.0.tgz",
      "integrity": "sha512-NVH308FsCPifv4Z0SORRTZlC5F0oRTo2NECjyz8TVibbW26dRldb1/EhELkFUnrIUrCZunA1ufYx7e2g8hqslQ==",
      "license": "MIT",
      "bin": {
        "uniswap-v2-loader": "src/uniswap-v2-loader"
      }
    }
  }
}
