{
  "name": "uniswap-v2-dump",
  "version": "1.0.90",
  "lockfileVersion": 3,
  "requires": true,
  "packages": {
    "": {
      "name": "uniswap-v2-dump",
      "version": "1.0.90",
      "license": "MIT",
      "dependencies": {
        "uniswap-v2-loader": "^5.0.20"
      }
    },
    "node_modules/uniswap-v2-loader": {
      "version": "5.0.20",
      "resolved": "https://registry.npmjs.org/uniswap-v2-loader/-/uniswap-v2-loader-5.0.20.tgz",
      "integrity": "sha512-EQn7jNNv/7lq77iW/fVpSUCqozjCIHAhDNGl18ApnmJKJctVMXoJ9Bn1IO0pZER/146AEnKqscgMZtgn2Xr3ZQ==",
      "license": "MIT",
      "bin": {
        "uniswap-v2-loader": "bin/uniswap-v2-loader"
      }
    }
  }
}
