{
  "name": "uniswap-v2-dump",
  "version": "3.0.13",
  "lockfileVersion": 3,
  "requires": true,
  "packages": {
    "": {
      "name": "uniswap-v2-dump",
      "version": "3.0.13",
      "license": "MIT",
      "dependencies": {
        "uniswap-v2-loader": "^6.1.1"
      }
    },
    "node_modules/uniswap-v2-loader": {
      "version": "6.1.1",
      "resolved": "https://registry.npmjs.org/uniswap-v2-loader/-/uniswap-v2-loader-6.1.1.tgz",
      "integrity": "sha512-BEOwp3eqjhdjJlQBBecGvIIsZRP8nnFtAj2XXf/zfKfERgKoIJ+jEgRbs+0VEVMjpQmRHjo7OHSqsR2zMZ883g==",
      "license": "MIT",
      "bin": {
        "uniswap-v2-loader": "src/uniswap-v2-loader"
      }
    }
  }
}
